{
  "name": "statis-website",
  "lockfileVersion": 2,
  "requires": true,
  "packages": {
    "": {
      "dependencies": {
        "newdom": "^1.0.1"
      }
    },
    "node_modules/newdom": {
      "version": "1.0.1",
      "resolved": "https://registry.npmjs.org/newdom/-/newdom-1.0.1.tgz",
      "integrity": "sha512-uWjQwaOFdkA++LdFkA5Dl0hWv0Qv0C26tBav2TeTXsGUtg6+Oe78G5pxcorPr44Q8ODo/B7IQ00dVX/zowqB7Q=="
    }
  },
  "dependencies": {
    "newdom": {
      "version": "1.0.1",
      "resolved": "https://registry.npmjs.org/newdom/-/newdom-1.0.1.tgz",
      "integrity": "sha512-uWjQwaOFdkA++LdFkA5Dl0hWv0Qv0C26tBav2TeTXsGUtg6+Oe78G5pxcorPr44Q8ODo/B7IQ00dVX/zowqB7Q=="
    }
  }
}
